
Microsoft Visual Studio Solution File, Format Version 12.00
# Visual Studio Version 17
VisualStudioVersion = 17.0.32014.148
MinimumVisualStudioVersion = 10.0.40219.1
Project("{9A19103F-16F7-4668-BE54-9A1E7A4F7556}") = "TradingBot", "src\TradingBot\TradingBot.csproj", "{E04F9BD9-1606-48A9-A798-004827517EE7}"
EndProject
Project("{9A19103F-16F7-4668-BE54-9A1E7A4F7556}") = "TradingBotTests", "tests\TradingBotTests\TradingBotTests.csproj", "{6DD31040-F598-4DAC-B508-5F38CCACAE12}"
EndProject
Project("{9A19103F-16F7-4668-BE54-9A1E7A4F7556}") = "ExchangeLibrary", "src\ExchangeLibrary\ExchangeLibrary.csproj", "{4A83D430-2BDB-4F38-A020-3486C388CCCF}"
EndProject
Project("{9A19103F-16F7-4668-BE54-9A1E7A4F7556}") = "Common", "src\Common\Common.csproj", "{EC3E1D8C-205E-4735-AEB4-C5968CFA583C}"
EndProject
Project("{9A19103F-16F7-4668-BE54-9A1E7A4F7556}") = "BinanceExchangeTests", "tests\BinanceExchangeTests\BinanceExchangeTests.csproj", "{89347D96-A3A0-476D-A564-342EF43CBC0D}"
EndProject
Project("{2150E333-8FDC-42A3-9474-1A3956D46DE8}") = "tests", "tests", "{12F24765-46E3-4F00-98C4-0B86F8EB2464}"
EndProject
Project("{2150E333-8FDC-42A3-9474-1A3956D46DE8}") = "src", "src", "{518C7A56-4FA5-4D28-9972-D5E3712DB386}"
EndProject
Project("{9A19103F-16F7-4668-BE54-9A1E7A4F7556}") = "BinanceExchange", "src\BinanceExchange\BinanceExchange.csproj", "{C9936863-BF1B-4E61-84B7-57EAFBEFD82A}"
EndProject
Project("{9A19103F-16F7-4668-BE54-9A1E7A4F7556}") = "Redis", "src\Redis\Redis.csproj", "{3A20C634-2ABB-417E-A732-6F855ED3D616}"
EndProject
Project("{2150E333-8FDC-42A3-9474-1A3956D46DE8}") = "Services", "Services", "{E375AE6C-06A9-4987-B35C-116B5EB27793}"
EndProject
Project("{9A19103F-16F7-4668-BE54-9A1E7A4F7556}") = "Telegram", "src\Services\Telegram\Telegram.csproj", "{8B103418-4073-48FE-84A0-CEF26FF4AE9D}"
EndProject
Project("{9A19103F-16F7-4668-BE54-9A1E7A4F7556}") = "SignalsSender", "tests\SignalsSender\SignalsSender.csproj", "{935D6D52-698B-4005-8FD8-17E0C37CA06C}"
EndProject
Project("{FAE04EC0-301F-11D3-BF4B-00C04F79EFBC}") = "Analytic", "src\Services\Analytic\Analytic.csproj", "{E624F70E-C7D5-4672-BC78-7C43F6D045E1}"
EndProject
Global
	GlobalSection(SolutionConfigurationPlatforms) = preSolution
		Debug|Any CPU = Debug|Any CPU
		Release|Any CPU = Release|Any CPU
	EndGlobalSection
	GlobalSection(ProjectConfigurationPlatforms) = postSolution
		{E04F9BD9-1606-48A9-A798-004827517EE7}.Debug|Any CPU.ActiveCfg = Debug|Any CPU
		{E04F9BD9-1606-48A9-A798-004827517EE7}.Debug|Any CPU.Build.0 = Debug|Any CPU
		{E04F9BD9-1606-48A9-A798-004827517EE7}.Release|Any CPU.ActiveCfg = Release|Any CPU
		{E04F9BD9-1606-48A9-A798-004827517EE7}.Release|Any CPU.Build.0 = Release|Any CPU
		{6DD31040-F598-4DAC-B508-5F38CCACAE12}.Debug|Any CPU.ActiveCfg = Debug|Any CPU
		{6DD31040-F598-4DAC-B508-5F38CCACAE12}.Debug|Any CPU.Build.0 = Debug|Any CPU
		{6DD31040-F598-4DAC-B508-5F38CCACAE12}.Release|Any CPU.ActiveCfg = Release|Any CPU
		{6DD31040-F598-4DAC-B508-5F38CCACAE12}.Release|Any CPU.Build.0 = Release|Any CPU
		{4A83D430-2BDB-4F38-A020-3486C388CCCF}.Debug|Any CPU.ActiveCfg = Debug|Any CPU
		{4A83D430-2BDB-4F38-A020-3486C388CCCF}.Debug|Any CPU.Build.0 = Debug|Any CPU
		{4A83D430-2BDB-4F38-A020-3486C388CCCF}.Release|Any CPU.ActiveCfg = Release|Any CPU
		{4A83D430-2BDB-4F38-A020-3486C388CCCF}.Release|Any CPU.Build.0 = Release|Any CPU
		{EC3E1D8C-205E-4735-AEB4-C5968CFA583C}.Debug|Any CPU.ActiveCfg = Debug|Any CPU
		{EC3E1D8C-205E-4735-AEB4-C5968CFA583C}.Debug|Any CPU.Build.0 = Debug|Any CPU
		{EC3E1D8C-205E-4735-AEB4-C5968CFA583C}.Release|Any CPU.ActiveCfg = Release|Any CPU
		{EC3E1D8C-205E-4735-AEB4-C5968CFA583C}.Release|Any CPU.Build.0 = Release|Any CPU
		{89347D96-A3A0-476D-A564-342EF43CBC0D}.Debug|Any CPU.ActiveCfg = Debug|Any CPU
		{89347D96-A3A0-476D-A564-342EF43CBC0D}.Debug|Any CPU.Build.0 = Debug|Any CPU
		{89347D96-A3A0-476D-A564-342EF43CBC0D}.Release|Any CPU.ActiveCfg = Release|Any CPU
		{89347D96-A3A0-476D-A564-342EF43CBC0D}.Release|Any CPU.Build.0 = Release|Any CPU
		{C9936863-BF1B-4E61-84B7-57EAFBEFD82A}.Debug|Any CPU.ActiveCfg = Debug|Any CPU
		{C9936863-BF1B-4E61-84B7-57EAFBEFD82A}.Debug|Any CPU.Build.0 = Debug|Any CPU
		{C9936863-BF1B-4E61-84B7-57EAFBEFD82A}.Release|Any CPU.ActiveCfg = Release|Any CPU
		{C9936863-BF1B-4E61-84B7-57EAFBEFD82A}.Release|Any CPU.Build.0 = Release|Any CPU
		{3A20C634-2ABB-417E-A732-6F855ED3D616}.Debug|Any CPU.ActiveCfg = Debug|Any CPU
		{3A20C634-2ABB-417E-A732-6F855ED3D616}.Debug|Any CPU.Build.0 = Debug|Any CPU
		{3A20C634-2ABB-417E-A732-6F855ED3D616}.Release|Any CPU.ActiveCfg = Release|Any CPU
		{3A20C634-2ABB-417E-A732-6F855ED3D616}.Release|Any CPU.Build.0 = Release|Any CPU
		{8B103418-4073-48FE-84A0-CEF26FF4AE9D}.Debug|Any CPU.ActiveCfg = Debug|Any CPU
		{8B103418-4073-48FE-84A0-CEF26FF4AE9D}.Debug|Any CPU.Build.0 = Debug|Any CPU
		{8B103418-4073-48FE-84A0-CEF26FF4AE9D}.Release|Any CPU.ActiveCfg = Release|Any CPU
		{8B103418-4073-48FE-84A0-CEF26FF4AE9D}.Release|Any CPU.Build.0 = Release|Any CPU
		{935D6D52-698B-4005-8FD8-17E0C37CA06C}.Debug|Any CPU.ActiveCfg = Debug|Any CPU
		{935D6D52-698B-4005-8FD8-17E0C37CA06C}.Debug|Any CPU.Build.0 = Debug|Any CPU
		{935D6D52-698B-4005-8FD8-17E0C37CA06C}.Release|Any CPU.ActiveCfg = Release|Any CPU
		{935D6D52-698B-4005-8FD8-17E0C37CA06C}.Release|Any CPU.Build.0 = Release|Any CPU
		{E624F70E-C7D5-4672-BC78-7C43F6D045E1}.Debug|Any CPU.ActiveCfg = Debug|Any CPU
		{E624F70E-C7D5-4672-BC78-7C43F6D045E1}.Debug|Any CPU.Build.0 = Debug|Any CPU
		{E624F70E-C7D5-4672-BC78-7C43F6D045E1}.Release|Any CPU.ActiveCfg = Release|Any CPU
		{E624F70E-C7D5-4672-BC78-7C43F6D045E1}.Release|Any CPU.Build.0 = Release|Any CPU
	EndGlobalSection
	GlobalSection(SolutionProperties) = preSolution
		HideSolutionNode = FALSE
	EndGlobalSection
	GlobalSection(NestedProjects) = preSolution
		{E04F9BD9-1606-48A9-A798-004827517EE7} = {518C7A56-4FA5-4D28-9972-D5E3712DB386}
		{6DD31040-F598-4DAC-B508-5F38CCACAE12} = {12F24765-46E3-4F00-98C4-0B86F8EB2464}
		{4A83D430-2BDB-4F38-A020-3486C388CCCF} = {518C7A56-4FA5-4D28-9972-D5E3712DB386}
		{EC3E1D8C-205E-4735-AEB4-C5968CFA583C} = {518C7A56-4FA5-4D28-9972-D5E3712DB386}
		{89347D96-A3A0-476D-A564-342EF43CBC0D} = {12F24765-46E3-4F00-98C4-0B86F8EB2464}
		{C9936863-BF1B-4E61-84B7-57EAFBEFD82A} = {518C7A56-4FA5-4D28-9972-D5E3712DB386}
		{3A20C634-2ABB-417E-A732-6F855ED3D616} = {518C7A56-4FA5-4D28-9972-D5E3712DB386}
		{E375AE6C-06A9-4987-B35C-116B5EB27793} = {518C7A56-4FA5-4D28-9972-D5E3712DB386}
		{8B103418-4073-48FE-84A0-CEF26FF4AE9D} = {E375AE6C-06A9-4987-B35C-116B5EB27793}
		{935D6D52-698B-4005-8FD8-17E0C37CA06C} = {12F24765-46E3-4F00-98C4-0B86F8EB2464}
		{E624F70E-C7D5-4672-BC78-7C43F6D045E1} = {E375AE6C-06A9-4987-B35C-116B5EB27793}
	EndGlobalSection
	GlobalSection(ExtensibilityGlobals) = postSolution
		SolutionGuid = {0CE21AF9-B1BE-48B3-8D32-314E4E50D733}
	EndGlobalSection
EndGlobal
